
Microsoft Visual Studio Solution File, Format Version 12.00
# Visual Studio Version 17
VisualStudioVersion = 17.13.35818.85 d17.13
MinimumVisualStudioVersion = 10.0.40219.1
Project("{FAE04EC0-301F-11D3-BF4B-00C04F79EFBC}") = "WavFiles", "WavFiles\WavFiles.csproj", "{76EF0DF5-80C2-462F-93AA-50675E525809}"
EndProject
Global
	GlobalSection(SolutionConfigurationPlatforms) = preSolution
		Debug|Any CPU = Debug|Any CPU
		Release|Any CPU = Release|Any CPU
	EndGlobalSection
	GlobalSection(ProjectConfigurationPlatforms) = postSolution
		{76EF0DF5-80C2-462F-93AA-50675E525809}.Debug|Any CPU.ActiveCfg = Debug|Any CPU
		{76EF0DF5-80C2-462F-93AA-50675E525809}.Debug|Any CPU.Build.0 = Debug|Any CPU
		{76EF0DF5-80C2-462F-93AA-50675E525809}.Release|Any CPU.ActiveCfg = Release|Any CPU
		{76EF0DF5-80C2-462F-93AA-50675E525809}.Release|Any CPU.Build.0 = Release|Any CPU
	EndGlobalSection
	GlobalSection(SolutionProperties) = preSolution
		HideSolutionNode = FALSE
	EndGlobalSection
	GlobalSection(ExtensibilityGlobals) = postSolution
		SolutionGuid = {B1ECD83A-539E-4264-8EC1-3333710CB83B}
	EndGlobalSection
EndGlobal
